
Microsoft Visual Studio Solution File, Format Version 12.00
# Visual Studio 15
VisualStudioVersion = 15.0.26403.7
MinimumVisualStudioVersion = 10.0.40219.1
Project("{FAE04EC0-301F-11D3-BF4B-00C04F79EFBC}") = "OrdersTest", "OrdersTest\OrdersTest.csproj", "{DB4AB8A3-727F-4F4A-91A0-EF0726BAE966}"
EndProject
Project("{FAE04EC0-301F-11D3-BF4B-00C04F79EFBC}") = "OrdersTest.Tests", "OrdersTest.Tests\OrdersTest.Tests.csproj", "{8BC409EA-5ACF-4400-82FC-62A59EB5F67A}"
EndProject
Global
	GlobalSection(SolutionConfigurationPlatforms) = preSolution
		Debug|Any CPU = Debug|Any CPU
		Release|Any CPU = Release|Any CPU
	EndGlobalSection
	GlobalSection(ProjectConfigurationPlatforms) = postSolution
		{DB4AB8A3-727F-4F4A-91A0-EF0726BAE966}.Debug|Any CPU.ActiveCfg = Debug|Any CPU
		{DB4AB8A3-727F-4F4A-91A0-EF0726BAE966}.Debug|Any CPU.Build.0 = Debug|Any CPU
		{DB4AB8A3-727F-4F4A-91A0-EF0726BAE966}.Release|Any CPU.ActiveCfg = Release|Any CPU
		{DB4AB8A3-727F-4F4A-91A0-EF0726BAE966}.Release|Any CPU.Build.0 = Release|Any CPU
		{8BC409EA-5ACF-4400-82FC-62A59EB5F67A}.Debug|Any CPU.ActiveCfg = Debug|Any CPU
		{8BC409EA-5ACF-4400-82FC-62A59EB5F67A}.Debug|Any CPU.Build.0 = Debug|Any CPU
		{8BC409EA-5ACF-4400-82FC-62A59EB5F67A}.Release|Any CPU.ActiveCfg = Release|Any CPU
		{8BC409EA-5ACF-4400-82FC-62A59EB5F67A}.Release|Any CPU.Build.0 = Release|Any CPU
	EndGlobalSection
	GlobalSection(SolutionProperties) = preSolution
		HideSolutionNode = FALSE
	EndGlobalSection
EndGlobal
